
Microsoft Visual Studio Solution File, Format Version 12.00
# Visual Studio Version 17
VisualStudioVersion = 17.7.34221.43
MinimumVisualStudioVersion = 10.0.40219.1
Project("{FAE04EC0-301F-11D3-BF4B-00C04F79EFBC}") = "finalobligatorio", "finalobligatorio.csproj", "{30652C88-3176-4A52-B7F5-C48613AA4D84}"
EndProject
Global
	GlobalSection(SolutionConfigurationPlatforms) = preSolution
		Debug|Any CPU = Debug|Any CPU
		Release|Any CPU = Release|Any CPU
	EndGlobalSection
	GlobalSection(ProjectConfigurationPlatforms) = postSolution
		{30652C88-3176-4A52-B7F5-C48613AA4D84}.Debug|Any CPU.ActiveCfg = Debug|Any CPU
		{30652C88-3176-4A52-B7F5-C48613AA4D84}.Debug|Any CPU.Build.0 = Debug|Any CPU
		{30652C88-3176-4A52-B7F5-C48613AA4D84}.Release|Any CPU.ActiveCfg = Release|Any CPU
		{30652C88-3176-4A52-B7F5-C48613AA4D84}.Release|Any CPU.Build.0 = Release|Any CPU
	EndGlobalSection
	GlobalSection(SolutionProperties) = preSolution
		HideSolutionNode = FALSE
	EndGlobalSection
	GlobalSection(ExtensibilityGlobals) = postSolution
		SolutionGuid = {C315EB63-10A7-41E6-958F-BB4EDD721ACA}
	EndGlobalSection
EndGlobal
